
Microsoft Visual Studio Solution File, Format Version 12.00
# Visual Studio Version 17
VisualStudioVersion = 17.11.35312.102
MinimumVisualStudioVersion = 10.0.40219.1
Project("{FAE04EC0-301F-11D3-BF4B-00C04F79EFBC}") = "WeekFourDayFive", "WeekFourDayFive\WeekFourDayFive.csproj", "{AA530376-239C-4923-B005-B6A674E56F4A}"
EndProject
Global
	GlobalSection(SolutionConfigurationPlatforms) = preSolution
		Debug|Any CPU = Debug|Any CPU
		Release|Any CPU = Release|Any CPU
	EndGlobalSection
	GlobalSection(ProjectConfigurationPlatforms) = postSolution
		{AA530376-239C-4923-B005-B6A674E56F4A}.Debug|Any CPU.ActiveCfg = Debug|Any CPU
		{AA530376-239C-4923-B005-B6A674E56F4A}.Debug|Any CPU.Build.0 = Debug|Any CPU
		{AA530376-239C-4923-B005-B6A674E56F4A}.Release|Any CPU.ActiveCfg = Release|Any CPU
		{AA530376-239C-4923-B005-B6A674E56F4A}.Release|Any CPU.Build.0 = Release|Any CPU
	EndGlobalSection
	GlobalSection(SolutionProperties) = preSolution
		HideSolutionNode = FALSE
	EndGlobalSection
	GlobalSection(ExtensibilityGlobals) = postSolution
		SolutionGuid = {3C7472EA-CD55-4AF5-A1DC-5304CA704A06}
	EndGlobalSection
EndGlobal
