
Microsoft Visual Studio Solution File, Format Version 12.00
# Visual Studio Version 17
VisualStudioVersion = 17.11.35312.102
MinimumVisualStudioVersion = 10.0.40219.1
Project("{FAE04EC0-301F-11D3-BF4B-00C04F79EFBC}") = "exersiceday3", "exersiceday3\exersiceday3.csproj", "{53496B0F-DB16-4676-ADE1-CA4D3CB7A989}"
EndProject
Global
	GlobalSection(SolutionConfigurationPlatforms) = preSolution
		Debug|Any CPU = Debug|Any CPU
		Release|Any CPU = Release|Any CPU
	EndGlobalSection
	GlobalSection(ProjectConfigurationPlatforms) = postSolution
		{53496B0F-DB16-4676-ADE1-CA4D3CB7A989}.Debug|Any CPU.ActiveCfg = Debug|Any CPU
		{53496B0F-DB16-4676-ADE1-CA4D3CB7A989}.Debug|Any CPU.Build.0 = Debug|Any CPU
		{53496B0F-DB16-4676-ADE1-CA4D3CB7A989}.Release|Any CPU.ActiveCfg = Release|Any CPU
		{53496B0F-DB16-4676-ADE1-CA4D3CB7A989}.Release|Any CPU.Build.0 = Release|Any CPU
	EndGlobalSection
	GlobalSection(SolutionProperties) = preSolution
		HideSolutionNode = FALSE
	EndGlobalSection
	GlobalSection(ExtensibilityGlobals) = postSolution
		SolutionGuid = {E3FB05C2-C628-4292-BB7F-AE94CF4BF1BD}
	EndGlobalSection
EndGlobal
