
Microsoft Visual Studio Solution File, Format Version 12.00
# Visual Studio Version 17
VisualStudioVersion = 17.11.35312.102
MinimumVisualStudioVersion = 10.0.40219.1
Project("{FAE04EC0-301F-11D3-BF4B-00C04F79EFBC}") = "week2task", "week2task\week2task.csproj", "{B44B32DF-A7BD-4876-83F7-B1C15F079B58}"
EndProject
Global
	GlobalSection(SolutionConfigurationPlatforms) = preSolution
		Debug|Any CPU = Debug|Any CPU
		Release|Any CPU = Release|Any CPU
	EndGlobalSection
	GlobalSection(ProjectConfigurationPlatforms) = postSolution
		{B44B32DF-A7BD-4876-83F7-B1C15F079B58}.Debug|Any CPU.ActiveCfg = Debug|Any CPU
		{B44B32DF-A7BD-4876-83F7-B1C15F079B58}.Debug|Any CPU.Build.0 = Debug|Any CPU
		{B44B32DF-A7BD-4876-83F7-B1C15F079B58}.Release|Any CPU.ActiveCfg = Release|Any CPU
		{B44B32DF-A7BD-4876-83F7-B1C15F079B58}.Release|Any CPU.Build.0 = Release|Any CPU
	EndGlobalSection
	GlobalSection(SolutionProperties) = preSolution
		HideSolutionNode = FALSE
	EndGlobalSection
	GlobalSection(ExtensibilityGlobals) = postSolution
		SolutionGuid = {DB933F20-271B-4BA5-946A-291687B27628}
	EndGlobalSection
EndGlobal
