
Microsoft Visual Studio Solution File, Format Version 12.00
# Visual Studio Version 17
VisualStudioVersion = 17.11.35312.102
MinimumVisualStudioVersion = 10.0.40219.1
Project("{FAE04EC0-301F-11D3-BF4B-00C04F79EFBC}") = "week4day5", "week4day5\week4day5.csproj", "{ABF1316C-1072-480C-8974-1FFCC45218BC}"
EndProject
Global
	GlobalSection(SolutionConfigurationPlatforms) = preSolution
		Debug|Any CPU = Debug|Any CPU
		Release|Any CPU = Release|Any CPU
	EndGlobalSection
	GlobalSection(ProjectConfigurationPlatforms) = postSolution
		{ABF1316C-1072-480C-8974-1FFCC45218BC}.Debug|Any CPU.ActiveCfg = Debug|Any CPU
		{ABF1316C-1072-480C-8974-1FFCC45218BC}.Debug|Any CPU.Build.0 = Debug|Any CPU
		{ABF1316C-1072-480C-8974-1FFCC45218BC}.Release|Any CPU.ActiveCfg = Release|Any CPU
		{ABF1316C-1072-480C-8974-1FFCC45218BC}.Release|Any CPU.Build.0 = Release|Any CPU
	EndGlobalSection
	GlobalSection(SolutionProperties) = preSolution
		HideSolutionNode = FALSE
	EndGlobalSection
	GlobalSection(ExtensibilityGlobals) = postSolution
		SolutionGuid = {FE4F414E-D40E-4A70-ABF1-660217A99FC0}
	EndGlobalSection
EndGlobal
