
Microsoft Visual Studio Solution File, Format Version 12.00
# Visual Studio Version 17
VisualStudioVersion = 17.11.35312.102
MinimumVisualStudioVersion = 10.0.40219.1
Project("{FAE04EC0-301F-11D3-BF4B-00C04F79EFBC}") = "WeekFourDaySix", "WeekFourDaySix\WeekFourDaySix.csproj", "{0558A839-0855-4F86-AC9B-7877D5E7D92A}"
EndProject
Global
	GlobalSection(SolutionConfigurationPlatforms) = preSolution
		Debug|Any CPU = Debug|Any CPU
		Release|Any CPU = Release|Any CPU
	EndGlobalSection
	GlobalSection(ProjectConfigurationPlatforms) = postSolution
		{0558A839-0855-4F86-AC9B-7877D5E7D92A}.Debug|Any CPU.ActiveCfg = Debug|Any CPU
		{0558A839-0855-4F86-AC9B-7877D5E7D92A}.Debug|Any CPU.Build.0 = Debug|Any CPU
		{0558A839-0855-4F86-AC9B-7877D5E7D92A}.Release|Any CPU.ActiveCfg = Release|Any CPU
		{0558A839-0855-4F86-AC9B-7877D5E7D92A}.Release|Any CPU.Build.0 = Release|Any CPU
	EndGlobalSection
	GlobalSection(SolutionProperties) = preSolution
		HideSolutionNode = FALSE
	EndGlobalSection
	GlobalSection(ExtensibilityGlobals) = postSolution
		SolutionGuid = {03789B1C-E68A-4D17-AEA0-E47273C1D973}
	EndGlobalSection
EndGlobal
