
Microsoft Visual Studio Solution File, Format Version 12.00
# Visual Studio Version 17
VisualStudioVersion = 17.11.35312.102
MinimumVisualStudioVersion = 10.0.40219.1
Project("{9A19103F-16F7-4668-BE54-9A1E7A4F7556}") = "weekOneDayFourWithVersioning", "weekOneDayFour\weekOneDayFourWithVersioning.csproj", "{BFDADC41-FEC5-4EBB-AC06-D51EF137CC68}"
EndProject
Global
	GlobalSection(SolutionConfigurationPlatforms) = preSolution
		Debug|Any CPU = Debug|Any CPU
		Release|Any CPU = Release|Any CPU
	EndGlobalSection
	GlobalSection(ProjectConfigurationPlatforms) = postSolution
		{BFDADC41-FEC5-4EBB-AC06-D51EF137CC68}.Debug|Any CPU.ActiveCfg = Debug|Any CPU
		{BFDADC41-FEC5-4EBB-AC06-D51EF137CC68}.Debug|Any CPU.Build.0 = Debug|Any CPU
		{BFDADC41-FEC5-4EBB-AC06-D51EF137CC68}.Release|Any CPU.ActiveCfg = Release|Any CPU
		{BFDADC41-FEC5-4EBB-AC06-D51EF137CC68}.Release|Any CPU.Build.0 = Release|Any CPU
	EndGlobalSection
	GlobalSection(SolutionProperties) = preSolution
		HideSolutionNode = FALSE
	EndGlobalSection
	GlobalSection(ExtensibilityGlobals) = postSolution
		SolutionGuid = {74FCE87A-B459-43A5-8A97-5C840E34B771}
	EndGlobalSection
EndGlobal
